// !$*UTF8*$!
{
	archiveVersion = 1;
	classes = {
	};
	objectVersion = 46;
	objects = {

/* Begin PBXBuildFile section */
		9C0935661C730F8D00E9078C /* AppDelegate.swift in Sources */ = {isa = PBXBuildFile; fileRef = 9C0935651C730F8D00E9078C /* AppDelegate.swift */; };
		9C09356F1C730F8D00E9078C /* Main.storyboard in Resources */ = {isa = PBXBuildFile; fileRef = 9C09356D1C730F8D00E9078C /* Main.storyboard */; };
		9C0935741C730F8D00E9078C /* LaunchScreen.storyboard in Resources */ = {isa = PBXBuildFile; fileRef = 9C0935721C730F8D00E9078C /* LaunchScreen.storyboard */; };
		9C09357F1C730F8D00E9078C /* OpportunityTests.swift in Sources */ = {isa = PBXBuildFile; fileRef = 9C09357E1C730F8D00E9078C /* OpportunityTests.swift */; };
		9C09358A1C730F8D00E9078C /* OpportunityUITests.swift in Sources */ = {isa = PBXBuildFile; fileRef = 9C0935891C730F8D00E9078C /* OpportunityUITests.swift */; };
		9C0935991C7311EA00E9078C /* Avenir.ttc in Resources */ = {isa = PBXBuildFile; fileRef = 9C0935981C7311EA00E9078C /* Avenir.ttc */; };
		9C09359A1C7311EA00E9078C /* Avenir.ttc in Resources */ = {isa = PBXBuildFile; fileRef = 9C0935981C7311EA00E9078C /* Avenir.ttc */; };
		9C0935BA1C73129800E9078C /* AsyncButton.swift in Sources */ = {isa = PBXBuildFile; fileRef = 9C09359C1C73129800E9078C /* AsyncButton.swift */; };
		9C0935BB1C73129800E9078C /* AsyncButton.swift in Sources */ = {isa = PBXBuildFile; fileRef = 9C09359C1C73129800E9078C /* AsyncButton.swift */; };
		9C0935BC1C73129800E9078C /* AsyncImageView.swift in Sources */ = {isa = PBXBuildFile; fileRef = 9C09359D1C73129800E9078C /* AsyncImageView.swift */; };
		9C0935BD1C73129800E9078C /* AsyncImageView.swift in Sources */ = {isa = PBXBuildFile; fileRef = 9C09359D1C73129800E9078C /* AsyncImageView.swift */; };
		9C0935BE1C73129800E9078C /* AutoTextView.swift in Sources */ = {isa = PBXBuildFile; fileRef = 9C09359E1C73129800E9078C /* AutoTextView.swift */; };
		9C0935BF1C73129800E9078C /* AutoTextView.swift in Sources */ = {isa = PBXBuildFile; fileRef = 9C09359E1C73129800E9078C /* AutoTextView.swift */; };
		9C0935C01C73129800E9078C /* BlurView.swift in Sources */ = {isa = PBXBuildFile; fileRef = 9C09359F1C73129800E9078C /* BlurView.swift */; };
		9C0935C11C73129800E9078C /* BlurView.swift in Sources */ = {isa = PBXBuildFile; fileRef = 9C09359F1C73129800E9078C /* BlurView.swift */; };
		9C0935C21C73129800E9078C /* DesignableButton.swift in Sources */ = {isa = PBXBuildFile; fileRef = 9C0935A01C73129800E9078C /* DesignableButton.swift */; };
		9C0935C31C73129800E9078C /* DesignableButton.swift in Sources */ = {isa = PBXBuildFile; fileRef = 9C0935A01C73129800E9078C /* DesignableButton.swift */; };
		9C0935C41C73129800E9078C /* DesignableImageView.swift in Sources */ = {isa = PBXBuildFile; fileRef = 9C0935A11C73129800E9078C /* DesignableImageView.swift */; };
		9C0935C51C73129800E9078C /* DesignableImageView.swift in Sources */ = {isa = PBXBuildFile; fileRef = 9C0935A11C73129800E9078C /* DesignableImageView.swift */; };
		9C0935C61C73129800E9078C /* DesignableLabel.swift in Sources */ = {isa = PBXBuildFile; fileRef = 9C0935A21C73129800E9078C /* DesignableLabel.swift */; };
		9C0935C71C73129800E9078C /* DesignableLabel.swift in Sources */ = {isa = PBXBuildFile; fileRef = 9C0935A21C73129800E9078C /* DesignableLabel.swift */; };
		9C0935C81C73129800E9078C /* DesignableTabBarController.swift in Sources */ = {isa = PBXBuildFile; fileRef = 9C0935A31C73129800E9078C /* DesignableTabBarController.swift */; };
		9C0935C91C73129800E9078C /* DesignableTabBarController.swift in Sources */ = {isa = PBXBuildFile; fileRef = 9C0935A31C73129800E9078C /* DesignableTabBarController.swift */; };
		9C0935CA1C73129800E9078C /* DesignableTextField.swift in Sources */ = {isa = PBXBuildFile; fileRef = 9C0935A41C73129800E9078C /* DesignableTextField.swift */; };
		9C0935CB1C73129800E9078C /* DesignableTextField.swift in Sources */ = {isa = PBXBuildFile; fileRef = 9C0935A41C73129800E9078C /* DesignableTextField.swift */; };
		9C0935CC1C73129800E9078C /* DesignableTextView.swift in Sources */ = {isa = PBXBuildFile; fileRef = 9C0935A51C73129800E9078C /* DesignableTextView.swift */; };
		9C0935CD1C73129800E9078C /* DesignableTextView.swift in Sources */ = {isa = PBXBuildFile; fileRef = 9C0935A51C73129800E9078C /* DesignableTextView.swift */; };
		9C0935CE1C73129800E9078C /* DesignableView.swift in Sources */ = {isa = PBXBuildFile; fileRef = 9C0935A61C73129800E9078C /* DesignableView.swift */; };
		9C0935CF1C73129800E9078C /* DesignableView.swift in Sources */ = {isa = PBXBuildFile; fileRef = 9C0935A61C73129800E9078C /* DesignableView.swift */; };
		9C0935D01C73129800E9078C /* ImageLoader.swift in Sources */ = {isa = PBXBuildFile; fileRef = 9C0935A71C73129800E9078C /* ImageLoader.swift */; };
		9C0935D11C73129800E9078C /* ImageLoader.swift in Sources */ = {isa = PBXBuildFile; fileRef = 9C0935A71C73129800E9078C /* ImageLoader.swift */; };
		9C0935D21C73129800E9078C /* Info.plist in Resources */ = {isa = PBXBuildFile; fileRef = 9C0935A81C73129800E9078C /* Info.plist */; };
		9C0935D31C73129800E9078C /* Info.plist in Resources */ = {isa = PBXBuildFile; fileRef = 9C0935A81C73129800E9078C /* Info.plist */; };
		9C0935D41C73129800E9078C /* KeyboardLayoutConstraint.swift in Sources */ = {isa = PBXBuildFile; fileRef = 9C0935A91C73129800E9078C /* KeyboardLayoutConstraint.swift */; };
		9C0935D51C73129800E9078C /* KeyboardLayoutConstraint.swift in Sources */ = {isa = PBXBuildFile; fileRef = 9C0935A91C73129800E9078C /* KeyboardLayoutConstraint.swift */; };
		9C0935D61C73129800E9078C /* LoadingView.swift in Sources */ = {isa = PBXBuildFile; fileRef = 9C0935AA1C73129800E9078C /* LoadingView.swift */; };
		9C0935D71C73129800E9078C /* LoadingView.swift in Sources */ = {isa = PBXBuildFile; fileRef = 9C0935AA1C73129800E9078C /* LoadingView.swift */; };
		9C0935D81C73129800E9078C /* LoadingView.xib in Resources */ = {isa = PBXBuildFile; fileRef = 9C0935AB1C73129800E9078C /* LoadingView.xib */; };
		9C0935D91C73129800E9078C /* LoadingView.xib in Resources */ = {isa = PBXBuildFile; fileRef = 9C0935AB1C73129800E9078C /* LoadingView.xib */; };
		9C0935DA1C73129800E9078C /* Misc.swift in Sources */ = {isa = PBXBuildFile; fileRef = 9C0935AC1C73129800E9078C /* Misc.swift */; };
		9C0935DB1C73129800E9078C /* Misc.swift in Sources */ = {isa = PBXBuildFile; fileRef = 9C0935AC1C73129800E9078C /* Misc.swift */; };
		9C0935DC1C73129800E9078C /* SoundPlayer.swift in Sources */ = {isa = PBXBuildFile; fileRef = 9C0935AD1C73129800E9078C /* SoundPlayer.swift */; };
		9C0935DD1C73129800E9078C /* SoundPlayer.swift in Sources */ = {isa = PBXBuildFile; fileRef = 9C0935AD1C73129800E9078C /* SoundPlayer.swift */; };
		9C0935DE1C73129800E9078C /* Spring.swift in Sources */ = {isa = PBXBuildFile; fileRef = 9C0935AF1C73129800E9078C /* Spring.swift */; };
		9C0935DF1C73129800E9078C /* Spring.swift in Sources */ = {isa = PBXBuildFile; fileRef = 9C0935AF1C73129800E9078C /* Spring.swift */; };
		9C0935E01C73129800E9078C /* SpringAnimation.swift in Sources */ = {isa = PBXBuildFile; fileRef = 9C0935B01C73129800E9078C /* SpringAnimation.swift */; };
		9C0935E11C73129800E9078C /* SpringAnimation.swift in Sources */ = {isa = PBXBuildFile; fileRef = 9C0935B01C73129800E9078C /* SpringAnimation.swift */; };
		9C0935E21C73129800E9078C /* SpringButton.swift in Sources */ = {isa = PBXBuildFile; fileRef = 9C0935B11C73129800E9078C /* SpringButton.swift */; };
		9C0935E31C73129800E9078C /* SpringButton.swift in Sources */ = {isa = PBXBuildFile; fileRef = 9C0935B11C73129800E9078C /* SpringButton.swift */; };
		9C0935E41C73129800E9078C /* SpringImageView.swift in Sources */ = {isa = PBXBuildFile; fileRef = 9C0935B21C73129800E9078C /* SpringImageView.swift */; };
		9C0935E51C73129800E9078C /* SpringImageView.swift in Sources */ = {isa = PBXBuildFile; fileRef = 9C0935B21C73129800E9078C /* SpringImageView.swift */; };
		9C0935E61C73129800E9078C /* SpringLabel.swift in Sources */ = {isa = PBXBuildFile; fileRef = 9C0935B31C73129800E9078C /* SpringLabel.swift */; };
		9C0935E71C73129800E9078C /* SpringLabel.swift in Sources */ = {isa = PBXBuildFile; fileRef = 9C0935B31C73129800E9078C /* SpringLabel.swift */; };
		9C0935E81C73129800E9078C /* SpringTextField.swift in Sources */ = {isa = PBXBuildFile; fileRef = 9C0935B41C73129800E9078C /* SpringTextField.swift */; };
		9C0935E91C73129800E9078C /* SpringTextField.swift in Sources */ = {isa = PBXBuildFile; fileRef = 9C0935B41C73129800E9078C /* SpringTextField.swift */; };
		9C0935EA1C73129800E9078C /* SpringTextView.swift in Sources */ = {isa = PBXBuildFile; fileRef = 9C0935B51C73129800E9078C /* SpringTextView.swift */; };
		9C0935EB1C73129800E9078C /* SpringTextView.swift in Sources */ = {isa = PBXBuildFile; fileRef = 9C0935B51C73129800E9078C /* SpringTextView.swift */; };
		9C0935EC1C73129800E9078C /* SpringView.swift in Sources */ = {isa = PBXBuildFile; fileRef = 9C0935B61C73129800E9078C /* SpringView.swift */; };
		9C0935ED1C73129800E9078C /* SpringView.swift in Sources */ = {isa = PBXBuildFile; fileRef = 9C0935B61C73129800E9078C /* SpringView.swift */; };
		9C0935EE1C73129800E9078C /* TransitionManager.swift in Sources */ = {isa = PBXBuildFile; fileRef = 9C0935B71C73129800E9078C /* TransitionManager.swift */; };
		9C0935EF1C73129800E9078C /* TransitionManager.swift in Sources */ = {isa = PBXBuildFile; fileRef = 9C0935B71C73129800E9078C /* TransitionManager.swift */; };
		9C0935F01C73129800E9078C /* TransitionZoom.swift in Sources */ = {isa = PBXBuildFile; fileRef = 9C0935B81C73129800E9078C /* TransitionZoom.swift */; };
		9C0935F11C73129800E9078C /* TransitionZoom.swift in Sources */ = {isa = PBXBuildFile; fileRef = 9C0935B81C73129800E9078C /* TransitionZoom.swift */; };
		9C0935F21C73129800E9078C /* UnwindSegue.swift in Sources */ = {isa = PBXBuildFile; fileRef = 9C0935B91C73129800E9078C /* UnwindSegue.swift */; };
		9C0935F31C73129800E9078C /* UnwindSegue.swift in Sources */ = {isa = PBXBuildFile; fileRef = 9C0935B91C73129800E9078C /* UnwindSegue.swift */; };
		9C0935F51C7317BC00E9078C /* WelcomeViewController.swift in Sources */ = {isa = PBXBuildFile; fileRef = 9C0935F41C7317BC00E9078C /* WelcomeViewController.swift */; };
		9C0935F61C7317BC00E9078C /* WelcomeViewController.swift in Sources */ = {isa = PBXBuildFile; fileRef = 9C0935F41C7317BC00E9078C /* WelcomeViewController.swift */; };
		9C0935FE1C731B6F00E9078C /* ListViewController.swift in Sources */ = {isa = PBXBuildFile; fileRef = 9C0935FD1C731B6F00E9078C /* ListViewController.swift */; };
		9C0935FF1C731B6F00E9078C /* ListViewController.swift in Sources */ = {isa = PBXBuildFile; fileRef = 9C0935FD1C731B6F00E9078C /* ListViewController.swift */; };
		9C0936011C73D28B00E9078C /* Styles.swift in Sources */ = {isa = PBXBuildFile; fileRef = 9C0936001C73D28B00E9078C /* Styles.swift */; };
		9C0936021C73D28B00E9078C /* Styles.swift in Sources */ = {isa = PBXBuildFile; fileRef = 9C0936001C73D28B00E9078C /* Styles.swift */; };
		9C0936071C73D32C00E9078C /* Info.plist in Resources */ = {isa = PBXBuildFile; fileRef = 9C0936041C73D32C00E9078C /* Info.plist */; };
		9C0936081C73D32C00E9078C /* Info.plist in Resources */ = {isa = PBXBuildFile; fileRef = 9C0936041C73D32C00E9078C /* Info.plist */; };
		9C0936091C73D32C00E9078C /* Sweetercolor.swift in Sources */ = {isa = PBXBuildFile; fileRef = 9C0936061C73D32C00E9078C /* Sweetercolor.swift */; };
		9C09360A1C73D32C00E9078C /* Sweetercolor.swift in Sources */ = {isa = PBXBuildFile; fileRef = 9C0936061C73D32C00E9078C /* Sweetercolor.swift */; };
		9C09360C1C73D49F00E9078C /* Assets.xcassets in Resources */ = {isa = PBXBuildFile; fileRef = 9C09360B1C73D49F00E9078C /* Assets.xcassets */; };
		9C09360D1C73D49F00E9078C /* Assets.xcassets in Resources */ = {isa = PBXBuildFile; fileRef = 9C09360B1C73D49F00E9078C /* Assets.xcassets */; };
		9C09360F1C73D96900E9078C /* CreateOppViewController.swift in Sources */ = {isa = PBXBuildFile; fileRef = 9C09360E1C73D96900E9078C /* CreateOppViewController.swift */; };
		9C0936101C73D96900E9078C /* CreateOppViewController.swift in Sources */ = {isa = PBXBuildFile; fileRef = 9C09360E1C73D96900E9078C /* CreateOppViewController.swift */; };
/* End PBXBuildFile section */

/* Begin PBXContainerItemProxy section */
		9C09357B1C730F8D00E9078C /* PBXContainerItemProxy */ = {
			isa = PBXContainerItemProxy;
			containerPortal = 9C09355A1C730F8C00E9078C /* Project object */;
			proxyType = 1;
			remoteGlobalIDString = 9C0935611C730F8C00E9078C;
			remoteInfo = Opportunity;
		};
		9C0935861C730F8D00E9078C /* PBXContainerItemProxy */ = {
			isa = PBXContainerItemProxy;
			containerPortal = 9C09355A1C730F8C00E9078C /* Project object */;
			proxyType = 1;
			remoteGlobalIDString = 9C0935611C730F8C00E9078C;
			remoteInfo = Opportunity;
		};
/* End PBXContainerItemProxy section */

/* Begin PBXFileReference section */
		9C0935621C730F8D00E9078C /* Opportunity.app */ = {isa = PBXFileReference; explicitFileType = wrapper.application; includeInIndex = 0; path = Opportunity.app; sourceTree = BUILT_PRODUCTS_DIR; };
		9C0935651C730F8D00E9078C /* AppDelegate.swift */ = {isa = PBXFileReference; lastKnownFileType = sourcecode.swift; path = AppDelegate.swift; sourceTree = "<group>"; };
		9C09356E1C730F8D00E9078C /* Base */ = {isa = PBXFileReference; lastKnownFileType = file.storyboard; name = Base; path = Base.lproj/Main.storyboard; sourceTree = "<group>"; };
		9C0935731C730F8D00E9078C /* Base */ = {isa = PBXFileReference; lastKnownFileType = file.storyboard; name = Base; path = Base.lproj/LaunchScreen.storyboard; sourceTree = "<group>"; };
		9C0935751C730F8D00E9078C /* Info.plist */ = {isa = PBXFileReference; lastKnownFileType = text.plist.xml; path = Info.plist; sourceTree = "<group>"; };
		9C09357A1C730F8D00E9078C /* OpportunityTests.xctest */ = {isa = PBXFileReference; explicitFileType = wrapper.cfbundle; includeInIndex = 0; path = OpportunityTests.xctest; sourceTree = BUILT_PRODUCTS_DIR; };
		9C09357E1C730F8D00E9078C /* OpportunityTests.swift */ = {isa = PBXFileReference; lastKnownFileType = sourcecode.swift; path = OpportunityTests.swift; sourceTree = "<group>"; };
		9C0935801C730F8D00E9078C /* Info.plist */ = {isa = PBXFileReference; lastKnownFileType = text.plist.xml; path = Info.plist; sourceTree = "<group>"; };
		9C0935851C730F8D00E9078C /* OpportunityUITests.xctest */ = {isa = PBXFileReference; explicitFileType = wrapper.cfbundle; includeInIndex = 0; path = OpportunityUITests.xctest; sourceTree = BUILT_PRODUCTS_DIR; };
		9C0935891C730F8D00E9078C /* OpportunityUITests.swift */ = {isa = PBXFileReference; lastKnownFileType = sourcecode.swift; path = OpportunityUITests.swift; sourceTree = "<group>"; };
		9C09358B1C730F8D00E9078C /* Info.plist */ = {isa = PBXFileReference; lastKnownFileType = text.plist.xml; path = Info.plist; sourceTree = "<group>"; };
		9C0935981C7311EA00E9078C /* Avenir.ttc */ = {isa = PBXFileReference; lastKnownFileType = file; path = Avenir.ttc; sourceTree = "<group>"; };
		9C09359C1C73129800E9078C /* AsyncButton.swift */ = {isa = PBXFileReference; fileEncoding = 4; lastKnownFileType = sourcecode.swift; path = AsyncButton.swift; sourceTree = "<group>"; };
		9C09359D1C73129800E9078C /* AsyncImageView.swift */ = {isa = PBXFileReference; fileEncoding = 4; lastKnownFileType = sourcecode.swift; path = AsyncImageView.swift; sourceTree = "<group>"; };
		9C09359E1C73129800E9078C /* AutoTextView.swift */ = {isa = PBXFileReference; fileEncoding = 4; lastKnownFileType = sourcecode.swift; path = AutoTextView.swift; sourceTree = "<group>"; };
		9C09359F1C73129800E9078C /* BlurView.swift */ = {isa = PBXFileReference; fileEncoding = 4; lastKnownFileType = sourcecode.swift; path = BlurView.swift; sourceTree = "<group>"; };
		9C0935A01C73129800E9078C /* DesignableButton.swift */ = {isa = PBXFileReference; fileEncoding = 4; lastKnownFileType = sourcecode.swift; path = DesignableButton.swift; sourceTree = "<group>"; };
		9C0935A11C73129800E9078C /* DesignableImageView.swift */ = {isa = PBXFileReference; fileEncoding = 4; lastKnownFileType = sourcecode.swift; path = DesignableImageView.swift; sourceTree = "<group>"; };
		9C0935A21C73129800E9078C /* DesignableLabel.swift */ = {isa = PBXFileReference; fileEncoding = 4; lastKnownFileType = sourcecode.swift; path = DesignableLabel.swift; sourceTree = "<group>"; };
		9C0935A31C73129800E9078C /* DesignableTabBarController.swift */ = {isa = PBXFileReference; fileEncoding = 4; lastKnownFileType = sourcecode.swift; path = DesignableTabBarController.swift; sourceTree = "<group>"; };
		9C0935A41C73129800E9078C /* DesignableTextField.swift */ = {isa = PBXFileReference; fileEncoding = 4; lastKnownFileType = sourcecode.swift; path = DesignableTextField.swift; sourceTree = "<group>"; };
		9C0935A51C73129800E9078C /* DesignableTextView.swift */ = {isa = PBXFileReference; fileEncoding = 4; lastKnownFileType = sourcecode.swift; path = DesignableTextView.swift; sourceTree = "<group>"; };
		9C0935A61C73129800E9078C /* DesignableView.swift */ = {isa = PBXFileReference; fileEncoding = 4; lastKnownFileType = sourcecode.swift; path = DesignableView.swift; sourceTree = "<group>"; };
		9C0935A71C73129800E9078C /* ImageLoader.swift */ = {isa = PBXFileReference; fileEncoding = 4; lastKnownFileType = sourcecode.swift; path = ImageLoader.swift; sourceTree = "<group>"; };
		9C0935A81C73129800E9078C /* Info.plist */ = {isa = PBXFileReference; fileEncoding = 4; lastKnownFileType = text.plist.xml; path = Info.plist; sourceTree = "<group>"; };
		9C0935A91C73129800E9078C /* KeyboardLayoutConstraint.swift */ = {isa = PBXFileReference; fileEncoding = 4; lastKnownFileType = sourcecode.swift; path = KeyboardLayoutConstraint.swift; sourceTree = "<group>"; };
		9C0935AA1C73129800E9078C /* LoadingView.swift */ = {isa = PBXFileReference; fileEncoding = 4; lastKnownFileType = sourcecode.swift; path = LoadingView.swift; sourceTree = "<group>"; };
		9C0935AB1C73129800E9078C /* LoadingView.xib */ = {isa = PBXFileReference; fileEncoding = 4; lastKnownFileType = file.xib; path = LoadingView.xib; sourceTree = "<group>"; };
		9C0935AC1C73129800E9078C /* Misc.swift */ = {isa = PBXFileReference; fileEncoding = 4; lastKnownFileType = sourcecode.swift; path = Misc.swift; sourceTree = "<group>"; };
		9C0935AD1C73129800E9078C /* SoundPlayer.swift */ = {isa = PBXFileReference; fileEncoding = 4; lastKnownFileType = sourcecode.swift; path = SoundPlayer.swift; sourceTree = "<group>"; };
		9C0935AE1C73129800E9078C /* Spring.h */ = {isa = PBXFileReference; fileEncoding = 4; lastKnownFileType = sourcecode.c.h; path = Spring.h; sourceTree = "<group>"; };
		9C0935AF1C73129800E9078C /* Spring.swift */ = {isa = PBXFileReference; fileEncoding = 4; lastKnownFileType = sourcecode.swift; path = Spring.swift; sourceTree = "<group>"; };
		9C0935B01C73129800E9078C /* SpringAnimation.swift */ = {isa = PBXFileReference; fileEncoding = 4; lastKnownFileType = sourcecode.swift; path = SpringAnimation.swift; sourceTree = "<group>"; };
		9C0935B11C73129800E9078C /* SpringButton.swift */ = {isa = PBXFileReference; fileEncoding = 4; lastKnownFileType = sourcecode.swift; path = SpringButton.swift; sourceTree = "<group>"; };
		9C0935B21C73129800E9078C /* SpringImageView.swift */ = {isa = PBXFileReference; fileEncoding = 4; lastKnownFileType = sourcecode.swift; path = SpringImageView.swift; sourceTree = "<group>"; };
		9C0935B31C73129800E9078C /* SpringLabel.swift */ = {isa = PBXFileReference; fileEncoding = 4; lastKnownFileType = sourcecode.swift; path = SpringLabel.swift; sourceTree = "<group>"; };
		9C0935B41C73129800E9078C /* SpringTextField.swift */ = {isa = PBXFileReference; fileEncoding = 4; lastKnownFileType = sourcecode.swift; path = SpringTextField.swift; sourceTree = "<group>"; };
		9C0935B51C73129800E9078C /* SpringTextView.swift */ = {isa = PBXFileReference; fileEncoding = 4; lastKnownFileType = sourcecode.swift; path = SpringTextView.swift; sourceTree = "<group>"; };
		9C0935B61C73129800E9078C /* SpringView.swift */ = {isa = PBXFileReference; fileEncoding = 4; lastKnownFileType = sourcecode.swift; path = SpringView.swift; sourceTree = "<group>"; };
		9C0935B71C73129800E9078C /* TransitionManager.swift */ = {isa = PBXFileReference; fileEncoding = 4; lastKnownFileType = sourcecode.swift; path = TransitionManager.swift; sourceTree = "<group>"; };
		9C0935B81C73129800E9078C /* TransitionZoom.swift */ = {isa = PBXFileReference; fileEncoding = 4; lastKnownFileType = sourcecode.swift; path = TransitionZoom.swift; sourceTree = "<group>"; };
		9C0935B91C73129800E9078C /* UnwindSegue.swift */ = {isa = PBXFileReference; fileEncoding = 4; lastKnownFileType = sourcecode.swift; path = UnwindSegue.swift; sourceTree = "<group>"; };
		9C0935F41C7317BC00E9078C /* WelcomeViewController.swift */ = {isa = PBXFileReference; fileEncoding = 4; lastKnownFileType = sourcecode.swift; path = WelcomeViewController.swift; sourceTree = "<group>"; };
		9C0935FD1C731B6F00E9078C /* ListViewController.swift */ = {isa = PBXFileReference; fileEncoding = 4; lastKnownFileType = sourcecode.swift; path = ListViewController.swift; sourceTree = "<group>"; };
		9C0936001C73D28B00E9078C /* Styles.swift */ = {isa = PBXFileReference; fileEncoding = 4; lastKnownFileType = sourcecode.swift; path = Styles.swift; sourceTree = "<group>"; };
		9C0936041C73D32C00E9078C /* Info.plist */ = {isa = PBXFileReference; fileEncoding = 4; lastKnownFileType = text.plist.xml; path = Info.plist; sourceTree = "<group>"; };
		9C0936051C73D32C00E9078C /* Sweetercolor.h */ = {isa = PBXFileReference; fileEncoding = 4; lastKnownFileType = sourcecode.c.h; path = Sweetercolor.h; sourceTree = "<group>"; };
		9C0936061C73D32C00E9078C /* Sweetercolor.swift */ = {isa = PBXFileReference; fileEncoding = 4; lastKnownFileType = sourcecode.swift; path = Sweetercolor.swift; sourceTree = "<group>"; };
		9C09360B1C73D49F00E9078C /* Assets.xcassets */ = {isa = PBXFileReference; lastKnownFileType = folder.assetcatalog; path = Assets.xcassets; sourceTree = "<group>"; };
		9C09360E1C73D96900E9078C /* CreateOppViewController.swift */ = {isa = PBXFileReference; fileEncoding = 4; lastKnownFileType = sourcecode.swift; path = CreateOppViewController.swift; sourceTree = "<group>"; };
/* End PBXFileReference section */

/* Begin PBXFrameworksBuildPhase section */
		9C09355F1C730F8C00E9078C /* Frameworks */ = {
			isa = PBXFrameworksBuildPhase;
			buildActionMask = 2147483647;
			files = (
			);
			runOnlyForDeploymentPostprocessing = 0;
		};
		9C0935771C730F8D00E9078C /* Frameworks */ = {
			isa = PBXFrameworksBuildPhase;
			buildActionMask = 2147483647;
			files = (
			);
			runOnlyForDeploymentPostprocessing = 0;
		};
		9C0935821C730F8D00E9078C /* Frameworks */ = {
			isa = PBXFrameworksBuildPhase;
			buildActionMask = 2147483647;
			files = (
			);
			runOnlyForDeploymentPostprocessing = 0;
		};
/* End PBXFrameworksBuildPhase section */

/* Begin PBXGroup section */
		9C0935591C730F8C00E9078C = {
			isa = PBXGroup;
			children = (
				9C0935641C730F8D00E9078C /* Opportunity */,
				9C09357D1C730F8D00E9078C /* OpportunityTests */,
				9C0935881C730F8D00E9078C /* OpportunityUITests */,
				9C0935631C730F8D00E9078C /* Products */,
			);
			sourceTree = "<group>";
		};
		9C0935631C730F8D00E9078C /* Products */ = {
			isa = PBXGroup;
			children = (
				9C0935621C730F8D00E9078C /* Opportunity.app */,
				9C09357A1C730F8D00E9078C /* OpportunityTests.xctest */,
				9C0935851C730F8D00E9078C /* OpportunityUITests.xctest */,
			);
			name = Products;
			sourceTree = "<group>";
		};
		9C0935641C730F8D00E9078C /* Opportunity */ = {
			isa = PBXGroup;
			children = (
				9C0936031C73D32C00E9078C /* Sweetercolor */,
				9C09359B1C73129800E9078C /* Spring */,
				9C0935971C7311B200E9078C /* Fonts */,
				9C0935651C730F8D00E9078C /* AppDelegate.swift */,
				9C09356D1C730F8D00E9078C /* Main.storyboard */,
				9C0935721C730F8D00E9078C /* LaunchScreen.storyboard */,
				9C0935751C730F8D00E9078C /* Info.plist */,
				9C0935F41C7317BC00E9078C /* WelcomeViewController.swift */,
				9C0935FD1C731B6F00E9078C /* ListViewController.swift */,
				9C0936001C73D28B00E9078C /* Styles.swift */,
				9C09360B1C73D49F00E9078C /* Assets.xcassets */,
				9C09360E1C73D96900E9078C /* CreateOppViewController.swift */,
			);
			path = Opportunity;
			sourceTree = "<group>";
		};
		9C09357D1C730F8D00E9078C /* OpportunityTests */ = {
			isa = PBXGroup;
			children = (
				9C09357E1C730F8D00E9078C /* OpportunityTests.swift */,
				9C0935801C730F8D00E9078C /* Info.plist */,
			);
			path = OpportunityTests;
			sourceTree = "<group>";
		};
		9C0935881C730F8D00E9078C /* OpportunityUITests */ = {
			isa = PBXGroup;
			children = (
				9C0935891C730F8D00E9078C /* OpportunityUITests.swift */,
				9C09358B1C730F8D00E9078C /* Info.plist */,
			);
			path = OpportunityUITests;
			sourceTree = "<group>";
		};
		9C0935971C7311B200E9078C /* Fonts */ = {
			isa = PBXGroup;
			children = (
				9C0935981C7311EA00E9078C /* Avenir.ttc */,
			);
			name = Fonts;
			sourceTree = "<group>";
		};
		9C09359B1C73129800E9078C /* Spring */ = {
			isa = PBXGroup;
			children = (
				9C09359C1C73129800E9078C /* AsyncButton.swift */,
				9C09359D1C73129800E9078C /* AsyncImageView.swift */,
				9C09359E1C73129800E9078C /* AutoTextView.swift */,
				9C09359F1C73129800E9078C /* BlurView.swift */,
				9C0935A01C73129800E9078C /* DesignableButton.swift */,
				9C0935A11C73129800E9078C /* DesignableImageView.swift */,
				9C0935A21C73129800E9078C /* DesignableLabel.swift */,
				9C0935A31C73129800E9078C /* DesignableTabBarController.swift */,
				9C0935A41C73129800E9078C /* DesignableTextField.swift */,
				9C0935A51C73129800E9078C /* DesignableTextView.swift */,
				9C0935A61C73129800E9078C /* DesignableView.swift */,
				9C0935A71C73129800E9078C /* ImageLoader.swift */,
				9C0935A81C73129800E9078C /* Info.plist */,
				9C0935A91C73129800E9078C /* KeyboardLayoutConstraint.swift */,
				9C0935AA1C73129800E9078C /* LoadingView.swift */,
				9C0935AB1C73129800E9078C /* LoadingView.xib */,
				9C0935AC1C73129800E9078C /* Misc.swift */,
				9C0935AD1C73129800E9078C /* SoundPlayer.swift */,
				9C0935AE1C73129800E9078C /* Spring.h */,
				9C0935AF1C73129800E9078C /* Spring.swift */,
				9C0935B01C73129800E9078C /* SpringAnimation.swift */,
				9C0935B11C73129800E9078C /* SpringButton.swift */,
				9C0935B21C73129800E9078C /* SpringImageView.swift */,
				9C0935B31C73129800E9078C /* SpringLabel.swift */,
				9C0935B41C73129800E9078C /* SpringTextField.swift */,
				9C0935B51C73129800E9078C /* SpringTextView.swift */,
				9C0935B61C73129800E9078C /* SpringView.swift */,
				9C0935B71C73129800E9078C /* TransitionManager.swift */,
				9C0935B81C73129800E9078C /* TransitionZoom.swift */,
				9C0935B91C73129800E9078C /* UnwindSegue.swift */,
			);
			path = Spring;
			sourceTree = "<group>";
		};
		9C0936031C73D32C00E9078C /* Sweetercolor */ = {
			isa = PBXGroup;
			children = (
				9C0936041C73D32C00E9078C /* Info.plist */,
				9C0936051C73D32C00E9078C /* Sweetercolor.h */,
				9C0936061C73D32C00E9078C /* Sweetercolor.swift */,
			);
			path = Sweetercolor;
			sourceTree = "<group>";
		};
/* End PBXGroup section */

/* Begin PBXNativeTarget section */
		9C0935611C730F8C00E9078C /* Opportunity */ = {
			isa = PBXNativeTarget;
			buildConfigurationList = 9C09358E1C730F8D00E9078C /* Build configuration list for PBXNativeTarget "Opportunity" */;
			buildPhases = (
				9C09355E1C730F8C00E9078C /* Sources */,
				9C09355F1C730F8C00E9078C /* Frameworks */,
				9C0935601C730F8C00E9078C /* Resources */,
			);
			buildRules = (
			);
			dependencies = (
			);
			name = Opportunity;
			productName = Opportunity;
			productReference = 9C0935621C730F8D00E9078C /* Opportunity.app */;
			productType = "com.apple.product-type.application";
		};
		9C0935791C730F8D00E9078C /* OpportunityTests */ = {
			isa = PBXNativeTarget;
			buildConfigurationList = 9C0935911C730F8D00E9078C /* Build configuration list for PBXNativeTarget "OpportunityTests" */;
			buildPhases = (
				9C0935761C730F8D00E9078C /* Sources */,
				9C0935771C730F8D00E9078C /* Frameworks */,
				9C0935781C730F8D00E9078C /* Resources */,
			);
			buildRules = (
			);
			dependencies = (
				9C09357C1C730F8D00E9078C /* PBXTargetDependency */,
			);
			name = OpportunityTests;
			productName = OpportunityTests;
			productReference = 9C09357A1C730F8D00E9078C /* OpportunityTests.xctest */;
			productType = "com.apple.product-type.bundle.unit-test";
		};
		9C0935841C730F8D00E9078C /* OpportunityUITests */ = {
			isa = PBXNativeTarget;
			buildConfigurationList = 9C0935941C730F8D00E9078C /* Build configuration list for PBXNativeTarget "OpportunityUITests" */;
			buildPhases = (
				9C0935811C730F8D00E9078C /* Sources */,
				9C0935821C730F8D00E9078C /* Frameworks */,
				9C0935831C730F8D00E9078C /* Resources */,
			);
			buildRules = (
			);
			dependencies = (
				9C0935871C730F8D00E9078C /* PBXTargetDependency */,
			);
			name = OpportunityUITests;
			productName = OpportunityUITests;
			productReference = 9C0935851C730F8D00E9078C /* OpportunityUITests.xctest */;
			productType = "com.apple.product-type.bundle.ui-testing";
		};
/* End PBXNativeTarget section */

/* Begin PBXProject section */
		9C09355A1C730F8C00E9078C /* Project object */ = {
			isa = PBXProject;
			attributes = {
				LastSwiftUpdateCheck = 0720;
				LastUpgradeCheck = 0720;
				ORGANIZATIONNAME = FixCode;
				TargetAttributes = {
					9C0935611C730F8C00E9078C = {
						CreatedOnToolsVersion = 7.2.1;
					};
					9C0935791C730F8D00E9078C = {
						CreatedOnToolsVersion = 7.2.1;
						TestTargetID = 9C0935611C730F8C00E9078C;
					};
					9C0935841C730F8D00E9078C = {
						CreatedOnToolsVersion = 7.2.1;
						TestTargetID = 9C0935611C730F8C00E9078C;
					};
				};
			};
			buildConfigurationList = 9C09355D1C730F8C00E9078C /* Build configuration list for PBXProject "Opportunity" */;
			compatibilityVersion = "Xcode 3.2";
			developmentRegion = English;
			hasScannedForEncodings = 0;
			knownRegions = (
				en,
				Base,
			);
			mainGroup = 9C0935591C730F8C00E9078C;
			productRefGroup = 9C0935631C730F8D00E9078C /* Products */;
			projectDirPath = "";
			projectRoot = "";
			targets = (
				9C0935611C730F8C00E9078C /* Opportunity */,
				9C0935791C730F8D00E9078C /* OpportunityTests */,
				9C0935841C730F8D00E9078C /* OpportunityUITests */,
			);
		};
/* End PBXProject section */

/* Begin PBXResourcesBuildPhase section */
		9C0935601C730F8C00E9078C /* Resources */ = {
			isa = PBXResourcesBuildPhase;
			buildActionMask = 2147483647;
			files = (
				9C0935991C7311EA00E9078C /* Avenir.ttc in Resources */,
				9C0935741C730F8D00E9078C /* LaunchScreen.storyboard in Resources */,
				9C0935D81C73129800E9078C /* LoadingView.xib in Resources */,
				9C0935D21C73129800E9078C /* Info.plist in Resources */,
				9C09360C1C73D49F00E9078C /* Assets.xcassets in Resources */,
				9C09356F1C730F8D00E9078C /* Main.storyboard in Resources */,
				9C0936071C73D32C00E9078C /* Info.plist in Resources */,
			);
			runOnlyForDeploymentPostprocessing = 0;
		};
		9C0935781C730F8D00E9078C /* Resources */ = {
			isa = PBXResourcesBuildPhase;
			buildActionMask = 2147483647;
			files = (
			);
			runOnlyForDeploymentPostprocessing = 0;
		};
		9C0935831C730F8D00E9078C /* Resources */ = {
			isa = PBXResourcesBuildPhase;
			buildActionMask = 2147483647;
			files = (
				9C0936081C73D32C00E9078C /* Info.plist in Resources */,
				9C0935D91C73129800E9078C /* LoadingView.xib in Resources */,
				9C0935D31C73129800E9078C /* Info.plist in Resources */,
				9C09359A1C7311EA00E9078C /* Avenir.ttc in Resources */,
				9C09360D1C73D49F00E9078C /* Assets.xcassets in Resources */,
			);
			runOnlyForDeploymentPostprocessing = 0;
		};
/* End PBXResourcesBuildPhase section */

/* Begin PBXSourcesBuildPhase section */
		9C09355E1C730F8C00E9078C /* Sources */ = {
			isa = PBXSourcesBuildPhase;
			buildActionMask = 2147483647;
			files = (
				9C0935C01C73129800E9078C /* BlurView.swift in Sources */,
				9C0935D41C73129800E9078C /* KeyboardLayoutConstraint.swift in Sources */,
				9C0935EA1C73129800E9078C /* SpringTextView.swift in Sources */,
				9C0935BA1C73129800E9078C /* AsyncButton.swift in Sources */,
				9C0935CC1C73129800E9078C /* DesignableTextView.swift in Sources */,
				9C0935F21C73129800E9078C /* UnwindSegue.swift in Sources */,
				9C0936011C73D28B00E9078C /* Styles.swift in Sources */,
				9C0935E61C73129800E9078C /* SpringLabel.swift in Sources */,
				9C09360F1C73D96900E9078C /* CreateOppViewController.swift in Sources */,
				9C0935BE1C73129800E9078C /* AutoTextView.swift in Sources */,
				9C0935E01C73129800E9078C /* SpringAnimation.swift in Sources */,
				9C0935D01C73129800E9078C /* ImageLoader.swift in Sources */,
				9C0936091C73D32C00E9078C /* Sweetercolor.swift in Sources */,
				9C0935E81C73129800E9078C /* SpringTextField.swift in Sources */,
				9C0935C41C73129800E9078C /* DesignableImageView.swift in Sources */,
				9C0935DC1C73129800E9078C /* SoundPlayer.swift in Sources */,
				9C0935F51C7317BC00E9078C /* WelcomeViewController.swift in Sources */,
				9C0935DA1C73129800E9078C /* Misc.swift in Sources */,
				9C0935CE1C73129800E9078C /* DesignableView.swift in Sources */,
				9C0935FE1C731B6F00E9078C /* ListViewController.swift in Sources */,
				9C0935EC1C73129800E9078C /* SpringView.swift in Sources */,
				9C0935661C730F8D00E9078C /* AppDelegate.swift in Sources */,
				9C0935BC1C73129800E9078C /* AsyncImageView.swift in Sources */,
				9C0935C21C73129800E9078C /* DesignableButton.swift in Sources */,
				9C0935F01C73129800E9078C /* TransitionZoom.swift in Sources */,
				9C0935E41C73129800E9078C /* SpringImageView.swift in Sources */,
				9C0935E21C73129800E9078C /* SpringButton.swift in Sources */,
				9C0935C81C73129800E9078C /* DesignableTabBarController.swift in Sources */,
				9C0935C61C73129800E9078C /* DesignableLabel.swift in Sources */,
				9C0935EE1C73129800E9078C /* TransitionManager.swift in Sources */,
				9C0935CA1C73129800E9078C /* DesignableTextField.swift in Sources */,
				9C0935D61C73129800E9078C /* LoadingView.swift in Sources */,
				9C0935DE1C73129800E9078C /* Spring.swift in Sources */,
			);
			runOnlyForDeploymentPostprocessing = 0;
		};
		9C0935761C730F8D00E9078C /* Sources */ = {
			isa = PBXSourcesBuildPhase;
			buildActionMask = 2147483647;
			files = (
				9C09357F1C730F8D00E9078C /* OpportunityTests.swift in Sources */,
			);
			runOnlyForDeploymentPostprocessing = 0;
		};
		9C0935811C730F8D00E9078C /* Sources */ = {
			isa = PBXSourcesBuildPhase;
			buildActionMask = 2147483647;
			files = (
				9C0935F11C73129800E9078C /* TransitionZoom.swift in Sources */,
				9C0935ED1C73129800E9078C /* SpringView.swift in Sources */,
				9C0935BB1C73129800E9078C /* AsyncButton.swift in Sources */,
				9C0935DB1C73129800E9078C /* Misc.swift in Sources */,
				9C0935E51C73129800E9078C /* SpringImageView.swift in Sources */,
				9C0935E91C73129800E9078C /* SpringTextField.swift in Sources */,
				9C0936021C73D28B00E9078C /* Styles.swift in Sources */,
				9C09358A1C730F8D00E9078C /* OpportunityUITests.swift in Sources */,
				9C0936101C73D96900E9078C /* CreateOppViewController.swift in Sources */,
				9C0935C11C73129800E9078C /* BlurView.swift in Sources */,
				9C0935E71C73129800E9078C /* SpringLabel.swift in Sources */,
				9C0935BF1C73129800E9078C /* AutoTextView.swift in Sources */,
				9C09360A1C73D32C00E9078C /* Sweetercolor.swift in Sources */,
				9C0935CD1C73129800E9078C /* DesignableTextView.swift in Sources */,
				9C0935BD1C73129800E9078C /* AsyncImageView.swift in Sources */,
				9C0935C31C73129800E9078C /* DesignableButton.swift in Sources */,
				9C0935F61C7317BC00E9078C /* WelcomeViewController.swift in Sources */,
				9C0935E31C73129800E9078C /* SpringButton.swift in Sources */,
				9C0935DF1C73129800E9078C /* Spring.swift in Sources */,
				9C0935FF1C731B6F00E9078C /* ListViewController.swift in Sources */,
				9C0935C71C73129800E9078C /* DesignableLabel.swift in Sources */,
				9C0935D71C73129800E9078C /* LoadingView.swift in Sources */,
				9C0935EF1C73129800E9078C /* TransitionManager.swift in Sources */,
				9C0935CF1C73129800E9078C /* DesignableView.swift in Sources */,
				9C0935CB1C73129800E9078C /* DesignableTextField.swift in Sources */,
				9C0935C91C73129800E9078C /* DesignableTabBarController.swift in Sources */,
				9C0935EB1C73129800E9078C /* SpringTextView.swift in Sources */,
				9C0935D51C73129800E9078C /* KeyboardLayoutConstraint.swift in Sources */,
				9C0935C51C73129800E9078C /* DesignableImageView.swift in Sources */,
				9C0935DD1C73129800E9078C /* SoundPlayer.swift in Sources */,
				9C0935E11C73129800E9078C /* SpringAnimation.swift in Sources */,
				9C0935F31C73129800E9078C /* UnwindSegue.swift in Sources */,
				9C0935D11C73129800E9078C /* ImageLoader.swift in Sources */,
			);
			runOnlyForDeploymentPostprocessing = 0;
		};
/* End PBXSourcesBuildPhase section */

/* Begin PBXTargetDependency section */
		9C09357C1C730F8D00E9078C /* PBXTargetDependency */ = {
			isa = PBXTargetDependency;
			target = 9C0935611C730F8C00E9078C /* Opportunity */;
			targetProxy = 9C09357B1C730F8D00E9078C /* PBXContainerItemProxy */;
		};
		9C0935871C730F8D00E9078C /* PBXTargetDependency */ = {
			isa = PBXTargetDependency;
			target = 9C0935611C730F8C00E9078C /* Opportunity */;
			targetProxy = 9C0935861C730F8D00E9078C /* PBXContainerItemProxy */;
		};
/* End PBXTargetDependency section */

/* Begin PBXVariantGroup section */
		9C09356D1C730F8D00E9078C /* Main.storyboard */ = {
			isa = PBXVariantGroup;
			children = (
				9C09356E1C730F8D00E9078C /* Base */,
			);
			name = Main.storyboard;
			sourceTree = "<group>";
		};
		9C0935721C730F8D00E9078C /* LaunchScreen.storyboard */ = {
			isa = PBXVariantGroup;
			children = (
				9C0935731C730F8D00E9078C /* Base */,
			);
			name = LaunchScreen.storyboard;
			sourceTree = "<group>";
		};
/* End PBXVariantGroup section */

/* Begin XCBuildConfiguration section */
		9C09358C1C730F8D00E9078C /* Debug */ = {
			isa = XCBuildConfiguration;
			buildSettings = {
				ALWAYS_SEARCH_USER_PATHS = NO;
				CLANG_CXX_LANGUAGE_STANDARD = "gnu++0x";
				CLANG_CXX_LIBRARY = "libc++";
				CLANG_ENABLE_MODULES = YES;
				CLANG_ENABLE_OBJC_ARC = YES;
				CLANG_WARN_BOOL_CONVERSION = YES;
				CLANG_WARN_CONSTANT_CONVERSION = YES;
				CLANG_WARN_DIRECT_OBJC_ISA_USAGE = YES_ERROR;
				CLANG_WARN_EMPTY_BODY = YES;
				CLANG_WARN_ENUM_CONVERSION = YES;
				CLANG_WARN_INT_CONVERSION = YES;
				CLANG_WARN_OBJC_ROOT_CLASS = YES_ERROR;
				CLANG_WARN_UNREACHABLE_CODE = YES;
				CLANG_WARN__DUPLICATE_METHOD_MATCH = YES;
				"CODE_SIGN_IDENTITY[sdk=iphoneos*]" = "iPhone Developer";
				COPY_PHASE_STRIP = NO;
				DEBUG_INFORMATION_FORMAT = dwarf;
				ENABLE_STRICT_OBJC_MSGSEND = YES;
				ENABLE_TESTABILITY = YES;
				GCC_C_LANGUAGE_STANDARD = gnu99;
				GCC_DYNAMIC_NO_PIC = NO;
				GCC_NO_COMMON_BLOCKS = YES;
				GCC_OPTIMIZATION_LEVEL = 0;
				GCC_PREPROCESSOR_DEFINITIONS = (
					"DEBUG=1",
					"$(inherited)",
				);
				GCC_WARN_64_TO_32_BIT_CONVERSION = YES;
				GCC_WARN_ABOUT_RETURN_TYPE = YES_ERROR;
				GCC_WARN_UNDECLARED_SELECTOR = YES;
				GCC_WARN_UNINITIALIZED_AUTOS = YES_AGGRESSIVE;
				GCC_WARN_UNUSED_FUNCTION = YES;
				GCC_WARN_UNUSED_VARIABLE = YES;
				IPHONEOS_DEPLOYMENT_TARGET = 9.2;
				MTL_ENABLE_DEBUG_INFO = YES;
				ONLY_ACTIVE_ARCH = YES;
				SDKROOT = iphoneos;
				SWIFT_OPTIMIZATION_LEVEL = "-Onone";
			};
			name = Debug;
		};
		9C09358D1C730F8D00E9078C /* Release */ = {
			isa = XCBuildConfiguration;
			buildSettings = {
				ALWAYS_SEARCH_USER_PATHS = NO;
				CLANG_CXX_LANGUAGE_STANDARD = "gnu++0x";
				CLANG_CXX_LIBRARY = "libc++";
				CLANG_ENABLE_MODULES = YES;
				CLANG_ENABLE_OBJC_ARC = YES;
				CLANG_WARN_BOOL_CONVERSION = YES;
				CLANG_WARN_CONSTANT_CONVERSION = YES;
				CLANG_WARN_DIRECT_OBJC_ISA_USAGE = YES_ERROR;
				CLANG_WARN_EMPTY_BODY = YES;
				CLANG_WARN_ENUM_CONVERSION = YES;
				CLANG_WARN_INT_CONVERSION = YES;
				CLANG_WARN_OBJC_ROOT_CLASS = YES_ERROR;
				CLANG_WARN_UNREACHABLE_CODE = YES;
				CLANG_WARN__DUPLICATE_METHOD_MATCH = YES;
				"CODE_SIGN_IDENTITY[sdk=iphoneos*]" = "iPhone Developer";
				COPY_PHASE_STRIP = NO;
				DEBUG_INFORMATION_FORMAT = "dwarf-with-dsym";
				ENABLE_NS_ASSERTIONS = NO;
				ENABLE_STRICT_OBJC_MSGSEND = YES;
				GCC_C_LANGUAGE_STANDARD = gnu99;
				GCC_NO_COMMON_BLOCKS = YES;
				GCC_WARN_64_TO_32_BIT_CONVERSION = YES;
				GCC_WARN_ABOUT_RETURN_TYPE = YES_ERROR;
				GCC_WARN_UNDECLARED_SELECTOR = YES;
				GCC_WARN_UNINITIALIZED_AUTOS = YES_AGGRESSIVE;
				GCC_WARN_UNUSED_FUNCTION = YES;
				GCC_WARN_UNUSED_VARIABLE = YES;
				IPHONEOS_DEPLOYMENT_TARGET = 9.2;
				MTL_ENABLE_DEBUG_INFO = NO;
				SDKROOT = iphoneos;
				VALIDATE_PRODUCT = YES;
			};
			name = Release;
		};
		9C09358F1C730F8D00E9078C /* Debug */ = {
			isa = XCBuildConfiguration;
			buildSettings = {
				ASSETCATALOG_COMPILER_APPICON_NAME = AppIcon;
				INFOPLIST_FILE = Opportunity/Info.plist;
				LD_RUNPATH_SEARCH_PATHS = "$(inherited) @executable_path/Frameworks";
				PRODUCT_BUNDLE_IDENTIFIER = xyz.fixcode.Opportunity;
				PRODUCT_NAME = "$(TARGET_NAME)";
			};
			name = Debug;
		};
		9C0935901C730F8D00E9078C /* Release */ = {
			isa = XCBuildConfiguration;
			buildSettings = {
				ASSETCATALOG_COMPILER_APPICON_NAME = AppIcon;
				INFOPLIST_FILE = Opportunity/Info.plist;
				LD_RUNPATH_SEARCH_PATHS = "$(inherited) @executable_path/Frameworks";
				PRODUCT_BUNDLE_IDENTIFIER = xyz.fixcode.Opportunity;
				PRODUCT_NAME = "$(TARGET_NAME)";
			};
			name = Release;
		};
		9C0935921C730F8D00E9078C /* Debug */ = {
			isa = XCBuildConfiguration;
			buildSettings = {
				BUNDLE_LOADER = "$(TEST_HOST)";
				INFOPLIST_FILE = OpportunityTests/Info.plist;
				LD_RUNPATH_SEARCH_PATHS = "$(inherited) @executable_path/Frameworks @loader_path/Frameworks";
				PRODUCT_BUNDLE_IDENTIFIER = xyz.fixcode.OpportunityTests;
				PRODUCT_NAME = "$(TARGET_NAME)";
				TEST_HOST = "$(BUILT_PRODUCTS_DIR)/Opportunity.app/Opportunity";
			};
			name = Debug;
		};
		9C0935931C730F8D00E9078C /* Release */ = {
			isa = XCBuildConfiguration;
			buildSettings = {
				BUNDLE_LOADER = "$(TEST_HOST)";
				INFOPLIST_FILE = OpportunityTests/Info.plist;
				LD_RUNPATH_SEARCH_PATHS = "$(inherited) @executable_path/Frameworks @loader_path/Frameworks";
				PRODUCT_BUNDLE_IDENTIFIER = xyz.fixcode.OpportunityTests;
				PRODUCT_NAME = "$(TARGET_NAME)";
				TEST_HOST = "$(BUILT_PRODUCTS_DIR)/Opportunity.app/Opportunity";
			};
			name = Release;
		};
		9C0935951C730F8D00E9078C /* Debug */ = {
			isa = XCBuildConfiguration;
			buildSettings = {
				INFOPLIST_FILE = OpportunityUITests/Info.plist;
				LD_RUNPATH_SEARCH_PATHS = "$(inherited) @executable_path/Frameworks @loader_path/Frameworks";
				PRODUCT_BUNDLE_IDENTIFIER = xyz.fixcode.OpportunityUITests;
				PRODUCT_NAME = "$(TARGET_NAME)";
				TEST_TARGET_NAME = Opportunity;
				USES_XCTRUNNER = YES;
			};
			name = Debug;
		};
		9C0935961C730F8D00E9078C /* Release */ = {
			isa = XCBuildConfiguration;
			buildSettings = {
				INFOPLIST_FILE = OpportunityUITests/Info.plist;
				LD_RUNPATH_SEARCH_PATHS = "$(inherited) @executable_path/Frameworks @loader_path/Frameworks";
				PRODUCT_BUNDLE_IDENTIFIER = xyz.fixcode.OpportunityUITests;
				PRODUCT_NAME = "$(TARGET_NAME)";
				TEST_TARGET_NAME = Opportunity;
				USES_XCTRUNNER = YES;
			};
			name = Release;
		};
/* End XCBuildConfiguration section */

/* Begin XCConfigurationList section */
		9C09355D1C730F8C00E9078C /* Build configuration list for PBXProject "Opportunity" */ = {
			isa = XCConfigurationList;
			buildConfigurations = (
				9C09358C1C730F8D00E9078C /* Debug */,
				9C09358D1C730F8D00E9078C /* Release */,
			);
			defaultConfigurationIsVisible = 0;
			defaultConfigurationName = Release;
		};
		9C09358E1C730F8D00E9078C /* Build configuration list for PBXNativeTarget "Opportunity" */ = {
			isa = XCConfigurationList;
			buildConfigurations = (
				9C09358F1C730F8D00E9078C /* Debug */,
				9C0935901C730F8D00E9078C /* Release */,
			);
			defaultConfigurationIsVisible = 0;
		};
		9C0935911C730F8D00E9078C /* Build configuration list for PBXNativeTarget "OpportunityTests" */ = {
			isa = XCConfigurationList;
			buildConfigurations = (
				9C0935921C730F8D00E9078C /* Debug */,
				9C0935931C730F8D00E9078C /* Release */,
			);
			defaultConfigurationIsVisible = 0;
		};
		9C0935941C730F8D00E9078C /* Build configuration list for PBXNativeTarget "OpportunityUITests" */ = {
			isa = XCConfigurationList;
			buildConfigurations = (
				9C0935951C730F8D00E9078C /* Debug */,
				9C0935961C730F8D00E9078C /* Release */,
			);
			defaultConfigurationIsVisible = 0;
		};
/* End XCConfigurationList section */
	};
	rootObject = 9C09355A1C730F8C00E9078C /* Project object */;
}
